
Microsoft Visual Studio Solution File, Format Version 12.00
# Visual Studio Version 17
VisualStudioVersion = 17.4.33205.214
MinimumVisualStudioVersion = 10.0.40219.1
Project("{9A19103F-16F7-4668-BE54-9A1E7A4F7556}") = "Listener", "Listener\Listener.csproj", "{0EA4AA66-9CAF-42C7-AFDD-006E96347AA1}"
EndProject
Project("{9A19103F-16F7-4668-BE54-9A1E7A4F7556}") = "Client", "Client\Client.csproj", "{5817E771-053D-480F-841C-2ADD3FBA5C43}"
EndProject
Global
	GlobalSection(SolutionConfigurationPlatforms) = preSolution
		Debug|Any CPU = Debug|Any CPU
		Release|Any CPU = Release|Any CPU
	EndGlobalSection
	GlobalSection(ProjectConfigurationPlatforms) = postSolution
		{0EA4AA66-9CAF-42C7-AFDD-006E96347AA1}.Debug|Any CPU.ActiveCfg = Debug|Any CPU
		{0EA4AA66-9CAF-42C7-AFDD-006E96347AA1}.Debug|Any CPU.Build.0 = Debug|Any CPU
		{0EA4AA66-9CAF-42C7-AFDD-006E96347AA1}.Release|Any CPU.ActiveCfg = Release|Any CPU
		{0EA4AA66-9CAF-42C7-AFDD-006E96347AA1}.Release|Any CPU.Build.0 = Release|Any CPU
		{5817E771-053D-480F-841C-2ADD3FBA5C43}.Debug|Any CPU.ActiveCfg = Debug|Any CPU
		{5817E771-053D-480F-841C-2ADD3FBA5C43}.Debug|Any CPU.Build.0 = Debug|Any CPU
		{5817E771-053D-480F-841C-2ADD3FBA5C43}.Release|Any CPU.ActiveCfg = Release|Any CPU
		{5817E771-053D-480F-841C-2ADD3FBA5C43}.Release|Any CPU.Build.0 = Release|Any CPU
	EndGlobalSection
	GlobalSection(SolutionProperties) = preSolution
		HideSolutionNode = FALSE
	EndGlobalSection
	GlobalSection(ExtensibilityGlobals) = postSolution
		SolutionGuid = {590A7C67-7161-435F-9D8D-7153BED5A0E5}
	EndGlobalSection
EndGlobal
